# THIS IS AN AUTOGENERATED FILE. DO NOT EDIT THIS FILE DIRECTLY.
# yarn lockfile v1


"@babel/runtime@^7.14.6":
  "integrity" "sha512-twj3L8Og5SaCRCErB4x4ajbvBIVV77CGeFglHpeg5WC5FF8TZzBWXtTJ4MqaD9QszLYTtr+IsaAL2rEUevb+eg=="
  "resolved" "https://registry.npmjs.org/@babel/runtime/-/runtime-7.14.8.tgz"
  "version" "7.14.8"
  dependencies:
    "regenerator-runtime" "^0.13.4"

"@epispot/epijs@^2.0.0":
  "integrity" "sha512-XOQeIyMERFb2Nj7TGxIQkgL9UmW60qphfnlVDLkBQNGBGNnYKCwg7Dygm3IZw2936PUR9mIuvv33fzSnULDgXw=="
  "resolved" "https://registry.npmjs.org/@epispot/epijs/-/epijs-2.1.0.tgz"
  "version" "2.1.0"
  dependencies:
    "chart.js" "~3.4.1"
    "gaussian" "~1.2.0"
    "mathjs" "~9.4.2"

"chart.js@~3.4.1":
  "integrity" "sha512-0R4mL7WiBcYoazIhrzSYnWcOw6RmrRn7Q4nKZNsBQZCBrlkZKodQbfeojCCo8eETPRCs1ZNTsAcZhIfyhyP61g=="
  "resolved" "https://registry.npmjs.org/chart.js/-/chart.js-3.4.1.tgz"
  "version" "3.4.1"

"complex.js@^2.0.15":
  "integrity" "sha512-gDBvQU8IG139ZBQTSo2qvDFP+lANMGluM779csXOr6ny1NUtA3wkUnCFjlDNH/moAVfXtvClYt6G0zarFbtz5w=="
  "resolved" "https://registry.npmjs.org/complex.js/-/complex.js-2.0.15.tgz"
  "version" "2.0.15"

"decimal.js@^10.3.1":
  "integrity" "sha512-V0pfhfr8suzyPGOx3nmq4aHqabehUZn6Ch9kyFpV79TGDTWFmHqUqXdabR7QHqxzrYolF4+tVmJhUG4OURg5dQ=="
  "resolved" "https://registry.npmjs.org/decimal.js/-/decimal.js-10.3.1.tgz"
  "version" "10.3.1"

"escape-latex@^1.2.0":
  "integrity" "sha512-nV5aVWW1K0wEiUIEdZ4erkGGH8mDxGyxSeqPzRNtWP7ataw+/olFObw7hujFWlVjNsaDFw5VZ5NzVSIqRgfTiw=="
  "resolved" "https://registry.npmjs.org/escape-latex/-/escape-latex-1.2.0.tgz"
  "version" "1.2.0"

"fraction.js@^4.1.1":
  "integrity" "sha512-MHOhvvxHTfRFpF1geTK9czMIZ6xclsEor2wkIGYYq+PxcQqT7vStJqjhe6S1TenZrMZzo+wlqOufBDVepUEgPg=="
  "resolved" "https://registry.npmjs.org/fraction.js/-/fraction.js-4.1.1.tgz"
  "version" "4.1.1"

"gaussian@~1.2.0":
  "integrity" "sha512-Pz/InFmDZ6VqCbXF+2+O6USIbPUPWhJ7DnqrZKfo9mMHszCd4pBad3WCVa9ruzzrBizYonsv0ZBmuv4rR8NRQg=="
  "resolved" "https://registry.npmjs.org/gaussian/-/gaussian-1.2.0.tgz"
  "version" "1.2.0"

"javascript-natural-sort@^0.7.1":
  "integrity" "sha1-+eIwPUUH9tdDVac2ZNFED7Wg71k="
  "resolved" "https://registry.npmjs.org/javascript-natural-sort/-/javascript-natural-sort-0.7.1.tgz"
  "version" "0.7.1"

"mathjs@~9.4.2":
  "integrity" "sha512-5EEJXnWOzLDgMHSFyw623nH+MTBZxquWwXtrzTsingOouJJ6UZG2VNO1lwH31IMt9aMno1axO6TYleIP4YSDaQ=="
  "resolved" "https://registry.npmjs.org/mathjs/-/mathjs-9.4.4.tgz"
  "version" "9.4.4"
  dependencies:
    "@babel/runtime" "^7.14.6"
    "complex.js" "^2.0.15"
    "decimal.js" "^10.3.1"
    "escape-latex" "^1.2.0"
    "fraction.js" "^4.1.1"
    "javascript-natural-sort" "^0.7.1"
    "seedrandom" "^3.0.5"
    "tiny-emitter" "^2.1.0"
    "typed-function" "^2.0.0"

"regenerator-runtime@^0.13.4":
  "integrity" "sha512-p3VT+cOEgxFsRRA9X4lkI1E+k2/CtnKtU4gcxyaCUreilL/vqI6CdZ3wxVUx3UOUg+gnUOQQcRI7BmSI656MYA=="
  "resolved" "https://registry.npmjs.org/regenerator-runtime/-/regenerator-runtime-0.13.9.tgz"
  "version" "0.13.9"

"seedrandom@^3.0.5":
  "integrity" "sha512-8OwmbklUNzwezjGInmZ+2clQmExQPvomqjL7LFqOYqtmuxRgQYqOD3mHaU+MvZn5FLUeVxVfQjwLZW/n/JFuqg=="
  "resolved" "https://registry.npmjs.org/seedrandom/-/seedrandom-3.0.5.tgz"
  "version" "3.0.5"

"tiny-emitter@^2.1.0":
  "integrity" "sha512-NB6Dk1A9xgQPMoGqC5CVXn123gWyte215ONT5Pp5a0yt4nlEoO1ZWeCwpncaekPHXO60i47ihFnZPiRPjRMq4Q=="
  "resolved" "https://registry.npmjs.org/tiny-emitter/-/tiny-emitter-2.1.0.tgz"
  "version" "2.1.0"

"typed-function@^2.0.0":
  "integrity" "sha512-Hhy1Iwo/e4AtLZNK10ewVVcP2UEs408DS35ubP825w/YgSBK1KVLwALvvIG4yX75QJrxjCpcWkzkVRB0BwwYlA=="
  "resolved" "https://registry.npmjs.org/typed-function/-/typed-function-2.0.0.tgz"
  "version" "2.0.0"
